{
  "name": "trackmenot-chrome",
  "version": "0.0.0",
  "lockfileVersion": 1,
  "requires": true,
  "dependencies": {
    "@jsdoc/salty": {
      "version": "0.2.1",
      "resolved": "https://registry.npmjs.org/@jsdoc/salty/-/salty-0.2.1.tgz",
      "integrity": "sha512-JXwylDNSHa549N9uceDYu8D4GMXwSo3H8CCPYEQqxhhHpxD28+lRl2b3bS/caaPj5w1YD3SWtrficJNTnUjGpg==",
      "dev": true,
      "requires": {
        "lodash": "^4.17.21"
      }
    },
    "docdash": {
      "version": "2.0.0",
      "resolved": "https://registry.npmjs.org/docdash/-/docdash-2.0.0.tgz",
      "integrity": "sha512-AxxZwrMLmiArEHJirdyZmW6YTBKxkd/Z5V9U2EU1crIMtpgoU/cH7Hnc9n1E0lzB1ZSam+VVMSnvlc+9+GUGVg==",
      "dev": true,
      "requires": {
        "@jsdoc/salty": "^0.2.1"
      }
    },
    "lodash": {
      "version": "4.17.21",
      "resolved": "https://registry.npmjs.org/lodash/-/lodash-4.17.21.tgz",
      "integrity": "sha512-v2kDEe57lecTulaDIuNTPy3Ry4gLGJ6Z1O3vE1krgXZNrsQ+LFTGHVxVjcXPs17LhbZVGedAJv8XZ1tvj5FvSg==",
      "dev": true
    }
  }
}
